
Microsoft Visual Studio Solution File, Format Version 12.00
# Visual Studio Version 16
VisualStudioVersion = 16.0.31321.278
MinimumVisualStudioVersion = 10.0.40219.1
Project("{FAE04EC0-301F-11D3-BF4B-00C04F79EFBC}") = "StarsV2", "StarsV2\StarsV2.csproj", "{E4128916-50AF-4443-8AA9-27F146F3FB55}"
EndProject
Global
	GlobalSection(SolutionConfigurationPlatforms) = preSolution
		Debug|Any CPU = Debug|Any CPU
		Release|Any CPU = Release|Any CPU
	EndGlobalSection
	GlobalSection(ProjectConfigurationPlatforms) = postSolution
		{E4128916-50AF-4443-8AA9-27F146F3FB55}.Debug|Any CPU.ActiveCfg = Debug|Any CPU
		{E4128916-50AF-4443-8AA9-27F146F3FB55}.Debug|Any CPU.Build.0 = Debug|Any CPU
		{E4128916-50AF-4443-8AA9-27F146F3FB55}.Release|Any CPU.ActiveCfg = Release|Any CPU
		{E4128916-50AF-4443-8AA9-27F146F3FB55}.Release|Any CPU.Build.0 = Release|Any CPU
	EndGlobalSection
	GlobalSection(SolutionProperties) = preSolution
		HideSolutionNode = FALSE
	EndGlobalSection
	GlobalSection(ExtensibilityGlobals) = postSolution
		SolutionGuid = {CD24AC54-559F-4FA1-870E-D6C61141A051}
	EndGlobalSection
EndGlobal
